
Microsoft Visual Studio Solution File, Format Version 12.00
# Visual Studio 15
VisualStudioVersion = 15.0.26228.4
MinimumVisualStudioVersion = 10.0.40219.1
Project("{FAE04EC0-301F-11D3-BF4B-00C04F79EFBC}") = "GameOfLife", "GameOfLife\GameOfLife.csproj", "{A4AA315F-3A33-4178-87E4-E1CC77109A1C}"
EndProject
Project("{FAE04EC0-301F-11D3-BF4B-00C04F79EFBC}") = "Library", "Library\Library.csproj", "{CDBED316-725F-46CB-A6CE-6DDE819F0FE5}"
EndProject
Project("{FAE04EC0-301F-11D3-BF4B-00C04F79EFBC}") = "Test", "Test\Test.csproj", "{0B0AF766-D40A-4622-A286-E146BF860A98}"
EndProject
Project("{2150E333-8FDC-42A3-9474-1A3956D46DE8}") = "Solution Items", "Solution Items", "{1071FA21-DC4B-4885-A750-A152B4418588}"
	ProjectSection(SolutionItems) = preProject
		.gitignore = .gitignore
	EndProjectSection
EndProject
Global
	GlobalSection(SolutionConfigurationPlatforms) = preSolution
		Debug|Any CPU = Debug|Any CPU
		Release|Any CPU = Release|Any CPU
	EndGlobalSection
	GlobalSection(ProjectConfigurationPlatforms) = postSolution
		{A4AA315F-3A33-4178-87E4-E1CC77109A1C}.Debug|Any CPU.ActiveCfg = Debug|Any CPU
		{A4AA315F-3A33-4178-87E4-E1CC77109A1C}.Debug|Any CPU.Build.0 = Debug|Any CPU
		{A4AA315F-3A33-4178-87E4-E1CC77109A1C}.Release|Any CPU.ActiveCfg = Release|Any CPU
		{A4AA315F-3A33-4178-87E4-E1CC77109A1C}.Release|Any CPU.Build.0 = Release|Any CPU
		{CDBED316-725F-46CB-A6CE-6DDE819F0FE5}.Debug|Any CPU.ActiveCfg = Debug|Any CPU
		{CDBED316-725F-46CB-A6CE-6DDE819F0FE5}.Debug|Any CPU.Build.0 = Debug|Any CPU
		{CDBED316-725F-46CB-A6CE-6DDE819F0FE5}.Release|Any CPU.ActiveCfg = Release|Any CPU
		{CDBED316-725F-46CB-A6CE-6DDE819F0FE5}.Release|Any CPU.Build.0 = Release|Any CPU
		{0B0AF766-D40A-4622-A286-E146BF860A98}.Debug|Any CPU.ActiveCfg = Debug|Any CPU
		{0B0AF766-D40A-4622-A286-E146BF860A98}.Debug|Any CPU.Build.0 = Debug|Any CPU
		{0B0AF766-D40A-4622-A286-E146BF860A98}.Release|Any CPU.ActiveCfg = Release|Any CPU
		{0B0AF766-D40A-4622-A286-E146BF860A98}.Release|Any CPU.Build.0 = Release|Any CPU
	EndGlobalSection
	GlobalSection(SolutionProperties) = preSolution
		HideSolutionNode = FALSE
	EndGlobalSection
	GlobalSection(ExtensibilityGlobals) = postSolution
		SolutionGuid = {14B07999-9AEA-4955-934B-32DD172099A2}
	EndGlobalSection
EndGlobal
